<Solution>
  <Folder Name="/.github/">
    <File Path=".github/renovate.json" />
  </Folder>
  <Folder Name="/.github/workflows/">
    <File Path=".github/workflows/build-and-test.yml" />
    <File Path=".github/workflows/publish-package.yml" />
  </Folder>
  <Folder Name="/src/">
    <Project Path="src/Soenneker.Invocations.Asyncs.Actions.csproj" />
  </Folder>
  <Folder Name="/test/">
    <Project Path="test/Soenneker.Invocations.Asyncs.Actions.Tests/Soenneker.Invocations.Asyncs.Actions.Tests.csproj" />
  </Folder>
</Solution>
